
Microsoft Visual Studio Solution File, Format Version 12.00
# Visual Studio Version 16
VisualStudioVersion = 16.0.31025.194
MinimumVisualStudioVersion = 10.0.40219.1
Project("{FAE04EC0-301F-11D3-BF4B-00C04F79EFBC}") = "TicTacToe", "TicTacToe\TicTacToe.csproj", "{77FCD00B-EF28-4CDB-9014-C9EA772A46F2}"
EndProject
Global
	GlobalSection(SolutionConfigurationPlatforms) = preSolution
		Debug|Any CPU = Debug|Any CPU
		Release|Any CPU = Release|Any CPU
	EndGlobalSection
	GlobalSection(ProjectConfigurationPlatforms) = postSolution
		{77FCD00B-EF28-4CDB-9014-C9EA772A46F2}.Debug|Any CPU.ActiveCfg = Debug|Any CPU
		{77FCD00B-EF28-4CDB-9014-C9EA772A46F2}.Debug|Any CPU.Build.0 = Debug|Any CPU
		{77FCD00B-EF28-4CDB-9014-C9EA772A46F2}.Release|Any CPU.ActiveCfg = Release|Any CPU
		{77FCD00B-EF28-4CDB-9014-C9EA772A46F2}.Release|Any CPU.Build.0 = Release|Any CPU
	EndGlobalSection
	GlobalSection(SolutionProperties) = preSolution
		HideSolutionNode = FALSE
	EndGlobalSection
	GlobalSection(ExtensibilityGlobals) = postSolution
		SolutionGuid = {13A8CA0C-3134-4A92-BE54-310A09B07DC8}
	EndGlobalSection
EndGlobal
